
Microsoft Visual Studio Solution File, Format Version 12.00
# Visual Studio Version 17
VisualStudioVersion = 17.4.33403.182
MinimumVisualStudioVersion = 10.0.40219.1
Project("{FAE04EC0-301F-11D3-BF4B-00C04F79EFBC}") = "NewProject", "NewProject\NewProject.csproj", "{EA3B9CE8-9399-443A-9782-255369B35878}"
EndProject
Global
	GlobalSection(SolutionConfigurationPlatforms) = preSolution
		Debug|Any CPU = Debug|Any CPU
		Release|Any CPU = Release|Any CPU
	EndGlobalSection
	GlobalSection(ProjectConfigurationPlatforms) = postSolution
		{EA3B9CE8-9399-443A-9782-255369B35878}.Debug|Any CPU.ActiveCfg = Debug|Any CPU
		{EA3B9CE8-9399-443A-9782-255369B35878}.Debug|Any CPU.Build.0 = Debug|Any CPU
		{EA3B9CE8-9399-443A-9782-255369B35878}.Release|Any CPU.ActiveCfg = Release|Any CPU
		{EA3B9CE8-9399-443A-9782-255369B35878}.Release|Any CPU.Build.0 = Release|Any CPU
	EndGlobalSection
	GlobalSection(SolutionProperties) = preSolution
		HideSolutionNode = FALSE
	EndGlobalSection
	GlobalSection(ExtensibilityGlobals) = postSolution
		SolutionGuid = {F0703804-CCAD-4C57-B068-FDC0723A630E}
	EndGlobalSection
EndGlobal
